github.com/boltdb/bolt v1.3.1 h1:JQmyP4ZBrce+ZQu0dY660FMfatumYDLun9hBCUVIkF4=
github.com/boltdb/bolt v1.3.1/go.mod h1:clJnj/oiGkjum5o1McbSZDSLxVThjynRyGBgiAx27Ps=
github.com/thinkeridea/go-extend v1.3.2 h1:0ZImRXpJc+wBNIrNEMbTuKwIvJ6eFoeuNAewvzONrI0=
github.com/thinkeridea/go-extend v1.3.2/go.mod h1:xqN1e3y1PdVSij1VZp6iPKlO8I4jLbS8CUuTySj981g=
golang.org/x/sys v0.0.0-20210514084401-e8d321eab015 h1:hZR0X1kPW+nwyJ9xRxqZk1vx5RUObAPBdKVvXPDUH/E=
golang.org/x/sys v0.0.0-20210514084401-e8d321eab015/go.mod h1:oPkhp1MJrh7nUepCBck5+mAzfO9JrbApNNgaTdGDITg=
